{
  "name": "everything-goldblum",
  "lockfileVersion": 3,
  "requires": true,
  "packages": {
    "": {
      "dependencies": {
        "chrome-types": "^0.1.284"
      }
    },
    "node_modules/chrome-types": {
      "version": "0.1.284",
      "resolved": "https://registry.npmjs.org/chrome-types/-/chrome-types-0.1.284.tgz",
      "integrity": "sha512-7FxSBX63tDqexQmIsL1LyB6hU0ODAj3IvbDaAVMngtQGF1n5kGcGSDCfGbEbqwYAAb+Vl8EA5BMXVQjD9YwZ9A=="
    }
  }
}
